// !$*UTF8*$!
{
	archiveVersion = 1;
	classes = {
	};
	objectVersion = 56;
	objects = {

/* Begin PBXBuildFile section */
		8A161B492B016715007F9F57 /* StickerPackMakerApp.swift in Sources */ = {isa = PBXBuildFile; fileRef = 8A161B482B016715007F9F57 /* StickerPackMakerApp.swift */; };
		8A161B4B2B016715007F9F57 /* ContentView.swift in Sources */ = {isa = PBXBuildFile; fileRef = 8A161B4A2B016715007F9F57 /* ContentView.swift */; };
		8A161B4F2B016716007F9F57 /* Assets.xcassets in Resources */ = {isa = PBXBuildFile; fileRef = 8A161B4E2B016716007F9F57 /* Assets.xcassets */; };
		8A161B522B016716007F9F57 /* Preview Assets.xcassets in Resources */ = {isa = PBXBuildFile; fileRef = 8A161B512B016716007F9F57 /* Preview Assets.xcassets */; };
		8A161B6A2B016F05007F9F57 /* PhotoLibrary.swift in Sources */ = {isa = PBXBuildFile; fileRef = 8A161B692B016F05007F9F57 /* PhotoLibrary.swift */; };
		8A3607DF2B0E93D0004A38BC /* StickerPackMakerTests.swift in Sources */ = {isa = PBXBuildFile; fileRef = 8A3607DE2B0E93D0004A38BC /* StickerPackMakerTests.swift */; };
		8A3607E62B0E9458004A38BC /* ImagePipeline.swift in Sources */ = {isa = PBXBuildFile; fileRef = 8A3607E52B0E9458004A38BC /* ImagePipeline.swift */; };
		8A4F69FC2B07D13900EB7CED /* Gradient.swift in Sources */ = {isa = PBXBuildFile; fileRef = 8A4F69FB2B07D13900EB7CED /* Gradient.swift */; };
		8A4F69FE2B07D13D00EB7CED /* MotionManager.swift in Sources */ = {isa = PBXBuildFile; fileRef = 8A4F69FD2B07D13D00EB7CED /* MotionManager.swift */; };
		8A4F6A002B07D14300EB7CED /* ShinyView.swift in Sources */ = {isa = PBXBuildFile; fileRef = 8A4F69FF2B07D14300EB7CED /* ShinyView.swift */; };
		8A556FD82B06A5020078DE03 /* StickersCollectionView.swift in Sources */ = {isa = PBXBuildFile; fileRef = 8A556FD72B06A5020078DE03 /* StickersCollectionView.swift */; };
		8A77289B2B0777F20086D840 /* MediaCore in Frameworks */ = {isa = PBXBuildFile; productRef = 8A77289A2B0777F20086D840 /* MediaCore */; };
		8A77289D2B0777F20086D840 /* MediaSwiftUI in Frameworks */ = {isa = PBXBuildFile; productRef = 8A77289C2B0777F20086D840 /* MediaSwiftUI */; };
		8A7728A12B0787D30086D840 /* StickerView.swift in Sources */ = {isa = PBXBuildFile; fileRef = 8A7728A02B0787D30086D840 /* StickerView.swift */; };
		8A7728A32B0787F20086D840 /* StickerLabelView.swift in Sources */ = {isa = PBXBuildFile; fileRef = 8A7728A22B0787F20086D840 /* StickerLabelView.swift */; };
		8A7728A52B0788600086D840 /* Sticker.swift in Sources */ = {isa = PBXBuildFile; fileRef = 8A7728A42B0788600086D840 /* Sticker.swift */; };
		8A7728A82B078AF50086D840 /* PhotosImporterSheetView.swift in Sources */ = {isa = PBXBuildFile; fileRef = 8A7728A72B078AF50086D840 /* PhotosImporterSheetView.swift */; };
		8A7728AA2B07A0BC0086D840 /* UtilityExtensions.swift in Sources */ = {isa = PBXBuildFile; fileRef = 8A7728A92B07A0BC0086D840 /* UtilityExtensions.swift */; };
		D603028C2B0E6EBF0098872F /* Algorithms in Frameworks */ = {isa = PBXBuildFile; productRef = D603028B2B0E6EBF0098872F /* Algorithms */; };
/* End PBXBuildFile section */

/* Begin PBXContainerItemProxy section */
		8A3607E02B0E93D0004A38BC /* PBXContainerItemProxy */ = {
			isa = PBXContainerItemProxy;
			containerPortal = 8A161B3D2B016715007F9F57 /* Project object */;
			proxyType = 1;
			remoteGlobalIDString = 8A161B442B016715007F9F57;
			remoteInfo = StickerPackMaker;
		};
/* End PBXContainerItemProxy section */

/* Begin PBXFileReference section */
		8A161B452B016715007F9F57 /* StickerPackMaker.app */ = {isa = PBXFileReference; explicitFileType = wrapper.application; includeInIndex = 0; path = StickerPackMaker.app; sourceTree = BUILT_PRODUCTS_DIR; };
		8A161B482B016715007F9F57 /* StickerPackMakerApp.swift */ = {isa = PBXFileReference; lastKnownFileType = sourcecode.swift; path = StickerPackMakerApp.swift; sourceTree = "<group>"; };
		8A161B4A2B016715007F9F57 /* ContentView.swift */ = {isa = PBXFileReference; lastKnownFileType = sourcecode.swift; path = ContentView.swift; sourceTree = "<group>"; };
		8A161B4E2B016716007F9F57 /* Assets.xcassets */ = {isa = PBXFileReference; lastKnownFileType = folder.assetcatalog; path = Assets.xcassets; sourceTree = "<group>"; };
		8A161B512B016716007F9F57 /* Preview Assets.xcassets */ = {isa = PBXFileReference; lastKnownFileType = folder.assetcatalog; path = "Preview Assets.xcassets"; sourceTree = "<group>"; };
		8A161B532B016716007F9F57 /* StickerPackMaker.entitlements */ = {isa = PBXFileReference; lastKnownFileType = text.plist.entitlements; path = StickerPackMaker.entitlements; sourceTree = "<group>"; };
		8A161B542B016716007F9F57 /* Info.plist */ = {isa = PBXFileReference; lastKnownFileType = text.plist.xml; path = Info.plist; sourceTree = "<group>"; };
		8A161B692B016F05007F9F57 /* PhotoLibrary.swift */ = {isa = PBXFileReference; fileEncoding = 4; lastKnownFileType = sourcecode.swift; path = PhotoLibrary.swift; sourceTree = "<group>"; };
		8A3607DC2B0E93D0004A38BC /* StickerPackMakerTests.xctest */ = {isa = PBXFileReference; explicitFileType = wrapper.cfbundle; includeInIndex = 0; path = StickerPackMakerTests.xctest; sourceTree = BUILT_PRODUCTS_DIR; };
		8A3607DE2B0E93D0004A38BC /* StickerPackMakerTests.swift */ = {isa = PBXFileReference; lastKnownFileType = sourcecode.swift; path = StickerPackMakerTests.swift; sourceTree = "<group>"; };
		8A3607E52B0E9458004A38BC /* ImagePipeline.swift */ = {isa = PBXFileReference; lastKnownFileType = sourcecode.swift; path = ImagePipeline.swift; sourceTree = "<group>"; };
		8A4F69FB2B07D13900EB7CED /* Gradient.swift */ = {isa = PBXFileReference; fileEncoding = 4; lastKnownFileType = sourcecode.swift; path = Gradient.swift; sourceTree = "<group>"; };
		8A4F69FD2B07D13D00EB7CED /* MotionManager.swift */ = {isa = PBXFileReference; fileEncoding = 4; lastKnownFileType = sourcecode.swift; path = MotionManager.swift; sourceTree = "<group>"; };
		8A4F69FF2B07D14300EB7CED /* ShinyView.swift */ = {isa = PBXFileReference; fileEncoding = 4; lastKnownFileType = sourcecode.swift; path = ShinyView.swift; sourceTree = "<group>"; };
		8A556FD72B06A5020078DE03 /* StickersCollectionView.swift */ = {isa = PBXFileReference; fileEncoding = 4; lastKnownFileType = sourcecode.swift; path = StickersCollectionView.swift; sourceTree = "<group>"; };
		8A7728A02B0787D30086D840 /* StickerView.swift */ = {isa = PBXFileReference; lastKnownFileType = sourcecode.swift; path = StickerView.swift; sourceTree = "<group>"; };
		8A7728A22B0787F20086D840 /* StickerLabelView.swift */ = {isa = PBXFileReference; fileEncoding = 4; lastKnownFileType = sourcecode.swift; path = StickerLabelView.swift; sourceTree = "<group>"; };
		8A7728A42B0788600086D840 /* Sticker.swift */ = {isa = PBXFileReference; lastKnownFileType = sourcecode.swift; path = Sticker.swift; sourceTree = "<group>"; };
		8A7728A72B078AF50086D840 /* PhotosImporterSheetView.swift */ = {isa = PBXFileReference; lastKnownFileType = sourcecode.swift; path = PhotosImporterSheetView.swift; sourceTree = "<group>"; };
		8A7728A92B07A0BC0086D840 /* UtilityExtensions.swift */ = {isa = PBXFileReference; fileEncoding = 4; lastKnownFileType = sourcecode.swift; path = UtilityExtensions.swift; sourceTree = "<group>"; };
/* End PBXFileReference section */

/* Begin PBXFrameworksBuildPhase section */
		8A161B422B016715007F9F57 /* Frameworks */ = {
			isa = PBXFrameworksBuildPhase;
			buildActionMask = 2147483647;
			files = (
				D603028C2B0E6EBF0098872F /* Algorithms in Frameworks */,
				8A77289B2B0777F20086D840 /* MediaCore in Frameworks */,
				8A77289D2B0777F20086D840 /* MediaSwiftUI in Frameworks */,
			);
			runOnlyForDeploymentPostprocessing = 0;
		};
		8A3607D92B0E93D0004A38BC /* Frameworks */ = {
			isa = PBXFrameworksBuildPhase;
			buildActionMask = 2147483647;
			files = (
			);
			runOnlyForDeploymentPostprocessing = 0;
		};
/* End PBXFrameworksBuildPhase section */

/* Begin PBXGroup section */
		8A161B3C2B016715007F9F57 = {
			isa = PBXGroup;
			children = (
				8A161B472B016715007F9F57 /* StickerPackMaker */,
				8A3607DD2B0E93D0004A38BC /* StickerPackMakerTests */,
				8A161B462B016715007F9F57 /* Products */,
			);
			sourceTree = "<group>";
		};
		8A161B462B016715007F9F57 /* Products */ = {
			isa = PBXGroup;
			children = (
				8A161B452B016715007F9F57 /* StickerPackMaker.app */,
				8A3607DC2B0E93D0004A38BC /* StickerPackMakerTests.xctest */,
			);
			name = Products;
			sourceTree = "<group>";
		};
		8A161B472B016715007F9F57 /* StickerPackMaker */ = {
			isa = PBXGroup;
			children = (
				8A161B482B016715007F9F57 /* StickerPackMakerApp.swift */,
				8A161B4A2B016715007F9F57 /* ContentView.swift */,
				8A7728A92B07A0BC0086D840 /* UtilityExtensions.swift */,
				8A7728A62B0788720086D840 /* SwiftDataModels */,
				8A161B6F2B017320007F9F57 /* Components */,
				8A161B4E2B016716007F9F57 /* Assets.xcassets */,
				8A161B532B016716007F9F57 /* StickerPackMaker.entitlements */,
				8A161B542B016716007F9F57 /* Info.plist */,
				8A161B502B016716007F9F57 /* Preview Content */,
			);
			path = StickerPackMaker;
			sourceTree = "<group>";
		};
		8A161B502B016716007F9F57 /* Preview Content */ = {
			isa = PBXGroup;
			children = (
				8A161B512B016716007F9F57 /* Preview Assets.xcassets */,
			);
			path = "Preview Content";
			sourceTree = "<group>";
		};
		8A161B6F2B017320007F9F57 /* Components */ = {
			isa = PBXGroup;
			children = (
				8A4F69FF2B07D14300EB7CED /* ShinyView.swift */,
				8A4F69FD2B07D13D00EB7CED /* MotionManager.swift */,
				8A4F69FB2B07D13900EB7CED /* Gradient.swift */,
				8A161B692B016F05007F9F57 /* PhotoLibrary.swift */,
				8A7728A02B0787D30086D840 /* StickerView.swift */,
				8A7728A22B0787F20086D840 /* StickerLabelView.swift */,
				8A556FD72B06A5020078DE03 /* StickersCollectionView.swift */,
				8A7728A72B078AF50086D840 /* PhotosImporterSheetView.swift */,
				8A3607E52B0E9458004A38BC /* ImagePipeline.swift */,
			);
			path = Components;
			sourceTree = "<group>";
		};
		8A3607DD2B0E93D0004A38BC /* StickerPackMakerTests */ = {
			isa = PBXGroup;
			children = (
				8A3607DE2B0E93D0004A38BC /* StickerPackMakerTests.swift */,
			);
			path = StickerPackMakerTests;
			sourceTree = "<group>";
		};
		8A7728A62B0788720086D840 /* SwiftDataModels */ = {
			isa = PBXGroup;
			children = (
				8A7728A42B0788600086D840 /* Sticker.swift */,
			);
			path = SwiftDataModels;
			sourceTree = "<group>";
		};
/* End PBXGroup section */

/* Begin PBXNativeTarget section */
		8A161B442B016715007F9F57 /* StickerPackMaker */ = {
			isa = PBXNativeTarget;
			buildConfigurationList = 8A161B572B016716007F9F57 /* Build configuration list for PBXNativeTarget "StickerPackMaker" */;
			buildPhases = (
				8A161B412B016715007F9F57 /* Sources */,
				8A161B422B016715007F9F57 /* Frameworks */,
				8A161B432B016715007F9F57 /* Resources */,
			);
			buildRules = (
			);
			dependencies = (
			);
			name = StickerPackMaker;
			packageProductDependencies = (
				8A77289A2B0777F20086D840 /* MediaCore */,
				8A77289C2B0777F20086D840 /* MediaSwiftUI */,
				D603028B2B0E6EBF0098872F /* Algorithms */,
			);
			productName = StickerPackMaker;
			productReference = 8A161B452B016715007F9F57 /* StickerPackMaker.app */;
			productType = "com.apple.product-type.application";
		};
		8A3607DB2B0E93D0004A38BC /* StickerPackMakerTests */ = {
			isa = PBXNativeTarget;
			buildConfigurationList = 8A3607E42B0E93D0004A38BC /* Build configuration list for PBXNativeTarget "StickerPackMakerTests" */;
			buildPhases = (
				8A3607D82B0E93D0004A38BC /* Sources */,
				8A3607D92B0E93D0004A38BC /* Frameworks */,
				8A3607DA2B0E93D0004A38BC /* Resources */,
			);
			buildRules = (
			);
			dependencies = (
				8A3607E12B0E93D0004A38BC /* PBXTargetDependency */,
			);
			name = StickerPackMakerTests;
			productName = StickerPackMakerTests;
			productReference = 8A3607DC2B0E93D0004A38BC /* StickerPackMakerTests.xctest */;
			productType = "com.apple.product-type.bundle.unit-test";
		};
/* End PBXNativeTarget section */

/* Begin PBXProject section */
		8A161B3D2B016715007F9F57 /* Project object */ = {
			isa = PBXProject;
			attributes = {
				BuildIndependentTargetsInParallel = 1;
				LastSwiftUpdateCheck = 1500;
				LastUpgradeCheck = 1500;
				TargetAttributes = {
					8A161B442B016715007F9F57 = {
						CreatedOnToolsVersion = 15.0;
					};
					8A3607DB2B0E93D0004A38BC = {
						CreatedOnToolsVersion = 15.0;
						TestTargetID = 8A161B442B016715007F9F57;
					};
				};
			};
			buildConfigurationList = 8A161B402B016715007F9F57 /* Build configuration list for PBXProject "StickerPackMaker" */;
			compatibilityVersion = "Xcode 14.0";
			developmentRegion = en;
			hasScannedForEncodings = 0;
			knownRegions = (
				en,
				Base,
			);
			mainGroup = 8A161B3C2B016715007F9F57;
			packageReferences = (
				8A7728992B0777F20086D840 /* XCRemoteSwiftPackageReference "Media" */,
				D603028A2B0E6EBF0098872F /* XCRemoteSwiftPackageReference "swift-algorithms" */,
			);
			productRefGroup = 8A161B462B016715007F9F57 /* Products */;
			projectDirPath = "";
			projectRoot = "";
			targets = (
				8A161B442B016715007F9F57 /* StickerPackMaker */,
				8A3607DB2B0E93D0004A38BC /* StickerPackMakerTests */,
			);
		};
/* End PBXProject section */

/* Begin PBXResourcesBuildPhase section */
		8A161B432B016715007F9F57 /* Resources */ = {
			isa = PBXResourcesBuildPhase;
			buildActionMask = 2147483647;
			files = (
				8A161B522B016716007F9F57 /* Preview Assets.xcassets in Resources */,
				8A161B4F2B016716007F9F57 /* Assets.xcassets in Resources */,
			);
			runOnlyForDeploymentPostprocessing = 0;
		};
		8A3607DA2B0E93D0004A38BC /* Resources */ = {
			isa = PBXResourcesBuildPhase;
			buildActionMask = 2147483647;
			files = (
			);
			runOnlyForDeploymentPostprocessing = 0;
		};
/* End PBXResourcesBuildPhase section */

/* Begin PBXSourcesBuildPhase section */
		8A161B412B016715007F9F57 /* Sources */ = {
			isa = PBXSourcesBuildPhase;
			buildActionMask = 2147483647;
			files = (
				8A161B4B2B016715007F9F57 /* ContentView.swift in Sources */,
				8A4F69FE2B07D13D00EB7CED /* MotionManager.swift in Sources */,
				8A556FD82B06A5020078DE03 /* StickersCollectionView.swift in Sources */,
				8A4F6A002B07D14300EB7CED /* ShinyView.swift in Sources */,
				8A7728A52B0788600086D840 /* Sticker.swift in Sources */,
				8A7728A82B078AF50086D840 /* PhotosImporterSheetView.swift in Sources */,
				8A7728A12B0787D30086D840 /* StickerView.swift in Sources */,
				8A7728AA2B07A0BC0086D840 /* UtilityExtensions.swift in Sources */,
				8A3607E62B0E9458004A38BC /* ImagePipeline.swift in Sources */,
				8A161B6A2B016F05007F9F57 /* PhotoLibrary.swift in Sources */,
				8A7728A32B0787F20086D840 /* StickerLabelView.swift in Sources */,
				8A161B492B016715007F9F57 /* StickerPackMakerApp.swift in Sources */,
				8A4F69FC2B07D13900EB7CED /* Gradient.swift in Sources */,
			);
			runOnlyForDeploymentPostprocessing = 0;
		};
		8A3607D82B0E93D0004A38BC /* Sources */ = {
			isa = PBXSourcesBuildPhase;
			buildActionMask = 2147483647;
			files = (
				8A3607DF2B0E93D0004A38BC /* StickerPackMakerTests.swift in Sources */,
			);
			runOnlyForDeploymentPostprocessing = 0;
		};
/* End PBXSourcesBuildPhase section */

/* Begin PBXTargetDependency section */
		8A3607E12B0E93D0004A38BC /* PBXTargetDependency */ = {
			isa = PBXTargetDependency;
			target = 8A161B442B016715007F9F57 /* StickerPackMaker */;
			targetProxy = 8A3607E02B0E93D0004A38BC /* PBXContainerItemProxy */;
		};
/* End PBXTargetDependency section */

/* Begin XCBuildConfiguration section */
		8A161B552B016716007F9F57 /* Debug */ = {
			isa = XCBuildConfiguration;
			buildSettings = {
				ALWAYS_SEARCH_USER_PATHS = NO;
				ASSETCATALOG_COMPILER_GENERATE_SWIFT_ASSET_SYMBOL_EXTENSIONS = YES;
				CLANG_ANALYZER_NONNULL = YES;
				CLANG_ANALYZER_NUMBER_OBJECT_CONVERSION = YES_AGGRESSIVE;
				CLANG_CXX_LANGUAGE_STANDARD = "gnu++20";
				CLANG_ENABLE_MODULES = YES;
				CLANG_ENABLE_OBJC_ARC = YES;
				CLANG_ENABLE_OBJC_WEAK = YES;
				CLANG_WARN_BLOCK_CAPTURE_AUTORELEASING = YES;
				CLANG_WARN_BOOL_CONVERSION = YES;
				CLANG_WARN_COMMA = YES;
				CLANG_WARN_CONSTANT_CONVERSION = YES;
				CLANG_WARN_DEPRECATED_OBJC_IMPLEMENTATIONS = YES;
				CLANG_WARN_DIRECT_OBJC_ISA_USAGE = YES_ERROR;
				CLANG_WARN_DOCUMENTATION_COMMENTS = YES;
				CLANG_WARN_EMPTY_BODY = YES;
				CLANG_WARN_ENUM_CONVERSION = YES;
				CLANG_WARN_INFINITE_RECURSION = YES;
				CLANG_WARN_INT_CONVERSION = YES;
				CLANG_WARN_NON_LITERAL_NULL_CONVERSION = YES;
				CLANG_WARN_OBJC_IMPLICIT_RETAIN_SELF = YES;
				CLANG_WARN_OBJC_LITERAL_CONVERSION = YES;
				CLANG_WARN_OBJC_ROOT_CLASS = YES_ERROR;
				CLANG_WARN_QUOTED_INCLUDE_IN_FRAMEWORK_HEADER = YES;
				CLANG_WARN_RANGE_LOOP_ANALYSIS = YES;
				CLANG_WARN_STRICT_PROTOTYPES = YES;
				CLANG_WARN_SUSPICIOUS_MOVE = YES;
				CLANG_WARN_UNGUARDED_AVAILABILITY = YES_AGGRESSIVE;
				CLANG_WARN_UNREACHABLE_CODE = YES;
				CLANG_WARN__DUPLICATE_METHOD_MATCH = YES;
				COPY_PHASE_STRIP = NO;
				DEBUG_INFORMATION_FORMAT = dwarf;
				ENABLE_STRICT_OBJC_MSGSEND = YES;
				ENABLE_TESTABILITY = YES;
				ENABLE_USER_SCRIPT_SANDBOXING = YES;
				GCC_C_LANGUAGE_STANDARD = gnu17;
				GCC_DYNAMIC_NO_PIC = NO;
				GCC_NO_COMMON_BLOCKS = YES;
				GCC_OPTIMIZATION_LEVEL = 0;
				GCC_PREPROCESSOR_DEFINITIONS = (
					"DEBUG=1",
					"$(inherited)",
				);
				GCC_WARN_64_TO_32_BIT_CONVERSION = YES;
				GCC_WARN_ABOUT_RETURN_TYPE = YES_ERROR;
				GCC_WARN_UNDECLARED_SELECTOR = YES;
				GCC_WARN_UNINITIALIZED_AUTOS = YES_AGGRESSIVE;
				GCC_WARN_UNUSED_FUNCTION = YES;
				GCC_WARN_UNUSED_VARIABLE = YES;
				IPHONEOS_DEPLOYMENT_TARGET = 17.0;
				LOCALIZATION_PREFERS_STRING_CATALOGS = YES;
				MTL_ENABLE_DEBUG_INFO = INCLUDE_SOURCE;
				MTL_FAST_MATH = YES;
				ONLY_ACTIVE_ARCH = YES;
				SDKROOT = iphoneos;
				SWIFT_ACTIVE_COMPILATION_CONDITIONS = "DEBUG $(inherited)";
				SWIFT_OPTIMIZATION_LEVEL = "-Onone";
			};
			name = Debug;
		};
		8A161B562B016716007F9F57 /* Release */ = {
			isa = XCBuildConfiguration;
			buildSettings = {
				ALWAYS_SEARCH_USER_PATHS = NO;
				ASSETCATALOG_COMPILER_GENERATE_SWIFT_ASSET_SYMBOL_EXTENSIONS = YES;
				CLANG_ANALYZER_NONNULL = YES;
				CLANG_ANALYZER_NUMBER_OBJECT_CONVERSION = YES_AGGRESSIVE;
				CLANG_CXX_LANGUAGE_STANDARD = "gnu++20";
				CLANG_ENABLE_MODULES = YES;
				CLANG_ENABLE_OBJC_ARC = YES;
				CLANG_ENABLE_OBJC_WEAK = YES;
				CLANG_WARN_BLOCK_CAPTURE_AUTORELEASING = YES;
				CLANG_WARN_BOOL_CONVERSION = YES;
				CLANG_WARN_COMMA = YES;
				CLANG_WARN_CONSTANT_CONVERSION = YES;
				CLANG_WARN_DEPRECATED_OBJC_IMPLEMENTATIONS = YES;
				CLANG_WARN_DIRECT_OBJC_ISA_USAGE = YES_ERROR;
				CLANG_WARN_DOCUMENTATION_COMMENTS = YES;
				CLANG_WARN_EMPTY_BODY = YES;
				CLANG_WARN_ENUM_CONVERSION = YES;
				CLANG_WARN_INFINITE_RECURSION = YES;
				CLANG_WARN_INT_CONVERSION = YES;
				CLANG_WARN_NON_LITERAL_NULL_CONVERSION = YES;
				CLANG_WARN_OBJC_IMPLICIT_RETAIN_SELF = YES;
				CLANG_WARN_OBJC_LITERAL_CONVERSION = YES;
				CLANG_WARN_OBJC_ROOT_CLASS = YES_ERROR;
				CLANG_WARN_QUOTED_INCLUDE_IN_FRAMEWORK_HEADER = YES;
				CLANG_WARN_RANGE_LOOP_ANALYSIS = YES;
				CLANG_WARN_STRICT_PROTOTYPES = YES;
				CLANG_WARN_SUSPICIOUS_MOVE = YES;
				CLANG_WARN_UNGUARDED_AVAILABILITY = YES_AGGRESSIVE;
				CLANG_WARN_UNREACHABLE_CODE = YES;
				CLANG_WARN__DUPLICATE_METHOD_MATCH = YES;
				COPY_PHASE_STRIP = NO;
				DEBUG_INFORMATION_FORMAT = "dwarf-with-dsym";
				ENABLE_NS_ASSERTIONS = NO;
				ENABLE_STRICT_OBJC_MSGSEND = YES;
				ENABLE_USER_SCRIPT_SANDBOXING = YES;
				GCC_C_LANGUAGE_STANDARD = gnu17;
				GCC_NO_COMMON_BLOCKS = YES;
				GCC_WARN_64_TO_32_BIT_CONVERSION = YES;
				GCC_WARN_ABOUT_RETURN_TYPE = YES_ERROR;
				GCC_WARN_UNDECLARED_SELECTOR = YES;
				GCC_WARN_UNINITIALIZED_AUTOS = YES_AGGRESSIVE;
				GCC_WARN_UNUSED_FUNCTION = YES;
				GCC_WARN_UNUSED_VARIABLE = YES;
				IPHONEOS_DEPLOYMENT_TARGET = 17.0;
				LOCALIZATION_PREFERS_STRING_CATALOGS = YES;
				MTL_ENABLE_DEBUG_INFO = NO;
				MTL_FAST_MATH = YES;
				SDKROOT = iphoneos;
				SWIFT_COMPILATION_MODE = wholemodule;
				VALIDATE_PRODUCT = YES;
			};
			name = Release;
		};
		8A161B582B016716007F9F57 /* Debug */ = {
			isa = XCBuildConfiguration;
			buildSettings = {
				ASSETCATALOG_COMPILER_APPICON_NAME = AppIcon;
				ASSETCATALOG_COMPILER_GLOBAL_ACCENT_COLOR_NAME = AccentColor;
				CODE_SIGN_ENTITLEMENTS = StickerPackMaker/StickerPackMaker.entitlements;
				CODE_SIGN_STYLE = Automatic;
				CURRENT_PROJECT_VERSION = 1;
				DEVELOPMENT_ASSET_PATHS = "\"StickerPackMaker/Preview Content\"";
				DEVELOPMENT_TEAM = RT5BSWJB4U;
				ENABLE_PREVIEWS = YES;
				GENERATE_INFOPLIST_FILE = YES;
				INFOPLIST_FILE = StickerPackMaker/Info.plist;
				INFOPLIST_KEY_LSApplicationCategoryType = "public.app-category.entertainment";
				INFOPLIST_KEY_NSCameraUsageDescription = "Use your camera to create Sticky Pets";
				INFOPLIST_KEY_NSPhotoLibraryUsageDescription = "The app uses photo library access to create stickers from your pets";
				INFOPLIST_KEY_UIApplicationSceneManifest_Generation = YES;
				INFOPLIST_KEY_UIApplicationSupportsIndirectInputEvents = YES;
				INFOPLIST_KEY_UILaunchScreen_Generation = YES;
				INFOPLIST_KEY_UISupportedInterfaceOrientations_iPad = "UIInterfaceOrientationPortrait UIInterfaceOrientationPortraitUpsideDown UIInterfaceOrientationLandscapeLeft UIInterfaceOrientationLandscapeRight";
				INFOPLIST_KEY_UISupportedInterfaceOrientations_iPhone = "UIInterfaceOrientationPortrait UIInterfaceOrientationLandscapeLeft UIInterfaceOrientationLandscapeRight";
				LD_RUNPATH_SEARCH_PATHS = (
					"$(inherited)",
					"@executable_path/Frameworks",
				);
				MARKETING_VERSION = 1.0;
				PRODUCT_BUNDLE_IDENTIFIER = com.stefkors.StickerPackMaker;
				PRODUCT_NAME = "$(TARGET_NAME)";
				SWIFT_EMIT_LOC_STRINGS = YES;
				SWIFT_VERSION = 5.0;
				TARGETED_DEVICE_FAMILY = "1,2";
			};
			name = Debug;
		};
		8A161B592B016716007F9F57 /* Release */ = {
			isa = XCBuildConfiguration;
			buildSettings = {
				ASSETCATALOG_COMPILER_APPICON_NAME = AppIcon;
				ASSETCATALOG_COMPILER_GLOBAL_ACCENT_COLOR_NAME = AccentColor;
				CODE_SIGN_ENTITLEMENTS = StickerPackMaker/StickerPackMaker.entitlements;
				CODE_SIGN_STYLE = Automatic;
				CURRENT_PROJECT_VERSION = 1;
				DEVELOPMENT_ASSET_PATHS = "\"StickerPackMaker/Preview Content\"";
				DEVELOPMENT_TEAM = RT5BSWJB4U;
				ENABLE_PREVIEWS = YES;
				GENERATE_INFOPLIST_FILE = YES;
				INFOPLIST_FILE = StickerPackMaker/Info.plist;
				INFOPLIST_KEY_LSApplicationCategoryType = "public.app-category.entertainment";
				INFOPLIST_KEY_NSCameraUsageDescription = "Use your camera to create Sticky Pets";
				INFOPLIST_KEY_NSPhotoLibraryUsageDescription = "The app uses photo library access to create stickers from your pets";
				INFOPLIST_KEY_UIApplicationSceneManifest_Generation = YES;
				INFOPLIST_KEY_UIApplicationSupportsIndirectInputEvents = YES;
				INFOPLIST_KEY_UILaunchScreen_Generation = YES;
				INFOPLIST_KEY_UISupportedInterfaceOrientations_iPad = "UIInterfaceOrientationPortrait UIInterfaceOrientationPortraitUpsideDown UIInterfaceOrientationLandscapeLeft UIInterfaceOrientationLandscapeRight";
				INFOPLIST_KEY_UISupportedInterfaceOrientations_iPhone = "UIInterfaceOrientationPortrait UIInterfaceOrientationLandscapeLeft UIInterfaceOrientationLandscapeRight";
				LD_RUNPATH_SEARCH_PATHS = (
					"$(inherited)",
					"@executable_path/Frameworks",
				);
				MARKETING_VERSION = 1.0;
				PRODUCT_BUNDLE_IDENTIFIER = com.stefkors.StickerPackMaker;
				PRODUCT_NAME = "$(TARGET_NAME)";
				SWIFT_EMIT_LOC_STRINGS = YES;
				SWIFT_VERSION = 5.0;
				TARGETED_DEVICE_FAMILY = "1,2";
			};
			name = Release;
		};
		8A3607E22B0E93D0004A38BC /* Debug */ = {
			isa = XCBuildConfiguration;
			buildSettings = {
				BUNDLE_LOADER = "$(TEST_HOST)";
				CODE_SIGN_STYLE = Automatic;
				CURRENT_PROJECT_VERSION = 1;
				DEVELOPMENT_TEAM = RT5BSWJB4U;
				GENERATE_INFOPLIST_FILE = YES;
				MARKETING_VERSION = 1.0;
				PRODUCT_BUNDLE_IDENTIFIER = com.stefkors.StickerPackMakerTests;
				PRODUCT_NAME = "$(TARGET_NAME)";
				SWIFT_EMIT_LOC_STRINGS = NO;
				SWIFT_VERSION = 5.0;
				TARGETED_DEVICE_FAMILY = "1,2";
				TEST_HOST = "$(BUILT_PRODUCTS_DIR)/StickerPackMaker.app/$(BUNDLE_EXECUTABLE_FOLDER_PATH)/StickerPackMaker";
			};
			name = Debug;
		};
		8A3607E32B0E93D0004A38BC /* Release */ = {
			isa = XCBuildConfiguration;
			buildSettings = {
				BUNDLE_LOADER = "$(TEST_HOST)";
				CODE_SIGN_STYLE = Automatic;
				CURRENT_PROJECT_VERSION = 1;
				DEVELOPMENT_TEAM = RT5BSWJB4U;
				GENERATE_INFOPLIST_FILE = YES;
				MARKETING_VERSION = 1.0;
				PRODUCT_BUNDLE_IDENTIFIER = com.stefkors.StickerPackMakerTests;
				PRODUCT_NAME = "$(TARGET_NAME)";
				SWIFT_EMIT_LOC_STRINGS = NO;
				SWIFT_VERSION = 5.0;
				TARGETED_DEVICE_FAMILY = "1,2";
				TEST_HOST = "$(BUILT_PRODUCTS_DIR)/StickerPackMaker.app/$(BUNDLE_EXECUTABLE_FOLDER_PATH)/StickerPackMaker";
			};
			name = Release;
		};
/* End XCBuildConfiguration section */

/* Begin XCConfigurationList section */
		8A161B402B016715007F9F57 /* Build configuration list for PBXProject "StickerPackMaker" */ = {
			isa = XCConfigurationList;
			buildConfigurations = (
				8A161B552B016716007F9F57 /* Debug */,
				8A161B562B016716007F9F57 /* Release */,
			);
			defaultConfigurationIsVisible = 0;
			defaultConfigurationName = Release;
		};
		8A161B572B016716007F9F57 /* Build configuration list for PBXNativeTarget "StickerPackMaker" */ = {
			isa = XCConfigurationList;
			buildConfigurations = (
				8A161B582B016716007F9F57 /* Debug */,
				8A161B592B016716007F9F57 /* Release */,
			);
			defaultConfigurationIsVisible = 0;
			defaultConfigurationName = Release;
		};
		8A3607E42B0E93D0004A38BC /* Build configuration list for PBXNativeTarget "StickerPackMakerTests" */ = {
			isa = XCConfigurationList;
			buildConfigurations = (
				8A3607E22B0E93D0004A38BC /* Debug */,
				8A3607E32B0E93D0004A38BC /* Release */,
			);
			defaultConfigurationIsVisible = 0;
			defaultConfigurationName = Release;
		};
/* End XCConfigurationList section */

/* Begin XCRemoteSwiftPackageReference section */
		8A7728992B0777F20086D840 /* XCRemoteSwiftPackageReference "Media" */ = {
			isa = XCRemoteSwiftPackageReference;
			repositoryURL = "git@github.com:crelies/Media.git";
			requirement = {
				kind = upToNextMajorVersion;
				minimumVersion = 3.0.0;
			};
		};
		D603028A2B0E6EBF0098872F /* XCRemoteSwiftPackageReference "swift-algorithms" */ = {
			isa = XCRemoteSwiftPackageReference;
			repositoryURL = "git@github.com:apple/swift-algorithms.git";
			requirement = {
				kind = upToNextMajorVersion;
				minimumVersion = 1.2.0;
			};
		};
/* End XCRemoteSwiftPackageReference section */

/* Begin XCSwiftPackageProductDependency section */
		8A77289A2B0777F20086D840 /* MediaCore */ = {
			isa = XCSwiftPackageProductDependency;
			package = 8A7728992B0777F20086D840 /* XCRemoteSwiftPackageReference "Media" */;
			productName = MediaCore;
		};
		8A77289C2B0777F20086D840 /* MediaSwiftUI */ = {
			isa = XCSwiftPackageProductDependency;
			package = 8A7728992B0777F20086D840 /* XCRemoteSwiftPackageReference "Media" */;
			productName = MediaSwiftUI;
		};
		D603028B2B0E6EBF0098872F /* Algorithms */ = {
			isa = XCSwiftPackageProductDependency;
			package = D603028A2B0E6EBF0098872F /* XCRemoteSwiftPackageReference "swift-algorithms" */;
			productName = Algorithms;
		};
/* End XCSwiftPackageProductDependency section */
	};
	rootObject = 8A161B3D2B016715007F9F57 /* Project object */;
}
